# This file is autogenerated, do not edit; changes may be undone by the next 'dep ensure'.


[[projects]]
  branch = "master"
  name = "github.com/elazarl/go-bindata-assetfs"
  packages = ["."]
  revision = "30f82fa23fd844bd5bb1e5f216db87fd77b5eb43"

[[projects]]
  branch = "master"
  name = "github.com/gopherjs/gopherjs"
  packages = ["js"]
  revision = "444abdf920945de5d4a977b572bcc6c674d1e4eb"

[[projects]]
  branch = "master"
  name = "github.com/hajimehoshi/go-mp3"
  packages = [
    ".",
    "internal/bits",
    "internal/consts",
    "internal/frame",
    "internal/frameheader",
    "internal/huffman",
    "internal/imdct",
    "internal/maindata",
    "internal/sideinfo"
  ]
  revision = "e33c08454c22d2cc9ca6a1ef7d13357809275732"

[[projects]]
  branch = "master"
  name = "github.com/hajimehoshi/oto"
  packages = [
    ".",
    "internal/jni"
  ]
  revision = "3680d211ad669453474fc5622a8cc4d346accedb"

[[projects]]
  branch = "master"
  name = "github.com/zserge/webview"
  packages = ["."]
  revision = "c0407d0ad02884a2e0a85df13eb446e94ec5459c"

[solve-meta]
  analyzer-name = "dep"
  analyzer-version = 1
  inputs-digest = "b5956d6b429f933d55f72c1b4d6a78c02c43a65bb1b670a505f7b558fbfb2314"
  solver-name = "gps-cdcl"
  solver-version = 1
